{
  "lockfile_version": "1",
  "packages": {
    "github:NixOS/nixpkgs/nixpkgs-unstable": {
      "last_modified": "2026-07-26T16:08:32Z",
      "resolved": "github:NixOS/nixpkgs/e318e6adc497b5e8a5ac433c6c6ed21ecdab9029?lastModified=1785082112&narHash=sha256-Y7z%2FnrPajIJyVDd9z53ZPZGm0HU%2Bkej16Pwt2cNYI0A%3D"
    },
    "gnumake@4.4.1": {
      "last_modified": "2026-07-23T05:10:05Z",
      "resolved": "github:NixOS/nixpkgs/7525d999cd850b9a488817abc89c75dc733acf17#gnumake",
      "source": "devbox-search",
      "version": "4.4.1",
      "systems": {
        "aarch64-darwin": {
          "outputs": [
            {
              "name": "out",
              "path": "/nix/store/7f7x81x6vb8kva42skn921d3ga2w0qap-gnumake-4.4.1",
              "default": true
            },
            {
              "name": "man",
              "path": "/nix/store/byj13qf46ib7xk4zfvk3k5w8r34z9mf2-gnumake-4.4.1-man",
              "default": true
            },
            {
              "name": "info",
              "path": "/nix/store/0ncajy1b1wgyy5jxm6fxlm7wbblsvc05-gnumake-4.4.1-info"
            },
            {
              "name": "doc",
              "path": "/nix/store/rdwb8d7iv8j5vp5pdx9lbqjr6wk0ydji-gnumake-4.4.1-doc"
            }
          ],
          "store_path": "/nix/store/7f7x81x6vb8kva42skn921d3ga2w0qap-gnumake-4.4.1"
        },
        "aarch64-linux": {
          "outputs": [
            {
              "name": "out",
              "path": "/nix/store/qdh1xpknc0ys6m46gi4p2qcyyryc8pv0-gnumake-4.4.1",
              "default": true
            },
            {
              "name": "man",
              "path": "/nix/store/7qbsp83ianzwbhzsgwx8yv832n4a1kkx-gnumake-4.4.1-man",
              "default": true
            },
            {
              "name": "debug",
              "path": "/nix/store/m4d49zx7zfgv1sdd7zg5zzsinaccyfk6-gnumake-4.4.1-debug"
            },
            {
              "name": "doc",
              "path": "/nix/store/p7p13ajir7nw802nf7rvdhray70l4lnj-gnumake-4.4.1-doc"
            },
            {
              "name": "info",
              "path": "/nix/store/0b0bys1xj58mjnwk2iicqa2sv55z4ac2-gnumake-4.4.1-info"
            }
          ],
          "store_path": "/nix/store/qdh1xpknc0ys6m46gi4p2qcyyryc8pv0-gnumake-4.4.1"
        },
        "x86_64-darwin": {
          "outputs": [
            {
              "name": "out",
              "path": "/nix/store/0bg5b97b9hbhz8907bfcrch1i116xppa-gnumake-4.4.1",
              "default": true
            },
            {
              "name": "man",
              "path": "/nix/store/wb4yn3d7vmi1hr4f8pz38rjvcl7f70ma-gnumake-4.4.1-man",
              "default": true
            },
            {
              "name": "doc",
              "path": "/nix/store/3b9cjf16jx4ncpp3b4k6m8q01nxsrw1n-gnumake-4.4.1-doc"
            },
            {
              "name": "info",
              "path": "/nix/store/rriz5p4q8a6sca7sw3p3js1m5dl09ia8-gnumake-4.4.1-info"
            }
          ],
          "store_path": "/nix/store/0bg5b97b9hbhz8907bfcrch1i116xppa-gnumake-4.4.1"
        },
        "x86_64-linux": {
          "outputs": [
            {
              "name": "out",
              "path": "/nix/store/66x1qiph890315003f27a15xsqax6lwf-gnumake-4.4.1",
              "default": true
            },
            {
              "name": "man",
              "path": "/nix/store/ndm1zqm8a3bvbh3ybhnncda9i27ip13f-gnumake-4.4.1-man",
              "default": true
            },
            {
              "name": "debug",
              "path": "/nix/store/gq4akpk5dfabh9q7bdnd95r1g8hv9qgs-gnumake-4.4.1-debug"
            },
            {
              "name": "doc",
              "path": "/nix/store/bdv51k4qj1vvkw0knk0p6kv4zjs6vzqy-gnumake-4.4.1-doc"
            },
            {
              "name": "info",
              "path": "/nix/store/vznzsnngs0fydqvrdb71xmfry1zxz0h2-gnumake-4.4.1-info"
            }
          ],
          "store_path": "/nix/store/66x1qiph890315003f27a15xsqax6lwf-gnumake-4.4.1"
        }
      }
    },
    "go-migrate@4.18.1": {
      "last_modified": "2025-01-19T08:16:51Z",
      "resolved": "github:NixOS/nixpkgs/50165c4f7eb48ce82bd063e1fb8047a0f515f8ce#go-migrate",
      "source": "devbox-search",
      "version": "4.18.1",
      "systems": {
        "aarch64-darwin": {
          "outputs": [
            {
              "name": "out",
              "path": "/nix/store/sj424z95pc18v54214isrvq21lyn7gkh-go-migrate-4.18.1",
              "default": true
            }
          ],
          "store_path": "/nix/store/sj424z95pc18v54214isrvq21lyn7gkh-go-migrate-4.18.1"
        },
        "aarch64-linux": {
          "outputs": [
            {
              "name": "out",
              "path": "/nix/store/4gs87bydy1mavpk71mm0plbqvi4j5xfn-go-migrate-4.18.1",
              "default": true
            }
          ],
          "store_path": "/nix/store/4gs87bydy1mavpk71mm0plbqvi4j5xfn-go-migrate-4.18.1"
        },
        "x86_64-darwin": {
          "outputs": [
            {
              "name": "out",
              "path": "/nix/store/2znm3izriiairky6128fwmcvp0n1fydf-go-migrate-4.18.1",
              "default": true
            }
          ],
          "store_path": "/nix/store/2znm3izriiairky6128fwmcvp0n1fydf-go-migrate-4.18.1"
        },
        "x86_64-linux": {
          "outputs": [
            {
              "name": "out",
              "path": "/nix/store/62gica1gc32qg8g51v6p60m43f8c9wmq-go-migrate-4.18.1",
              "default": true
            }
          ],
          "store_path": "/nix/store/62gica1gc32qg8g51v6p60m43f8c9wmq-go-migrate-4.18.1"
        }
      }
    },
    "go@1.26.3": {
      "last_modified": "2026-05-21T08:15:18Z",
      "resolved": "github:NixOS/nixpkgs/4a29d733e8a7d5b824c3d8c958a946a9867b3eb2#go",
      "source": "devbox-search",
      "version": "1.26.3",
      "systems": {
        "aarch64-darwin": {
          "outputs": [
            {
              "name": "out",
              "path": "/nix/store/7ycp8j45iay38g9mjaxmy4jhwdsrb47y-go-1.26.3",
              "default": true
            }
          ],
          "store_path": "/nix/store/7ycp8j45iay38g9mjaxmy4jhwdsrb47y-go-1.26.3"
        },
        "aarch64-linux": {
          "outputs": [
            {
              "name": "out",
              "path": "/nix/store/jkcwcbwvhgzmxg59798z4clmj4bfv42i-go-1.26.3",
              "default": true
            }
          ],
          "store_path": "/nix/store/jkcwcbwvhgzmxg59798z4clmj4bfv42i-go-1.26.3"
        },
        "x86_64-darwin": {
          "outputs": [
            {
              "name": "out",
              "path": "/nix/store/3f2jzvxmhhlarjqxy1p7i9r5l34siz29-go-1.26.3",
              "default": true
            }
          ],
          "store_path": "/nix/store/3f2jzvxmhhlarjqxy1p7i9r5l34siz29-go-1.26.3"
        },
        "x86_64-linux": {
          "outputs": [
            {
              "name": "out",
              "path": "/nix/store/33fw5m31lfcnk4ff2f0df7j2bxnh8lgk-go-1.26.3",
              "default": true
            }
          ],
          "store_path": "/nix/store/33fw5m31lfcnk4ff2f0df7j2bxnh8lgk-go-1.26.3"
        }
      }
    },
    "golangci-lint@2.12.2": {
      "last_modified": "2026-07-23T05:10:05Z",
      "resolved": "github:NixOS/nixpkgs/7525d999cd850b9a488817abc89c75dc733acf17#golangci-lint",
      "source": "devbox-search",
      "version": "2.12.2",
      "systems": {
        "aarch64-darwin": {
          "outputs": [
            {
              "name": "out",
              "path": "/nix/store/l2j3j7nvynbk0gw5km9pknizq593633j-golangci-lint-2.12.2",
              "default": true
            }
          ],
          "store_path": "/nix/store/l2j3j7nvynbk0gw5km9pknizq593633j-golangci-lint-2.12.2"
        },
        "aarch64-linux": {
          "outputs": [
            {
              "name": "out",
              "path": "/nix/store/gpyxbilsvyw9wv49nh4ng6lva95z38j3-golangci-lint-2.12.2",
              "default": true
            }
          ],
          "store_path": "/nix/store/gpyxbilsvyw9wv49nh4ng6lva95z38j3-golangci-lint-2.12.2"
        },
        "x86_64-darwin": {
          "outputs": [
            {
              "name": "out",
              "path": "/nix/store/w8c3i6vmxnnj0xixvjsa9lva3rcd2rvs-golangci-lint-2.12.2",
              "default": true
            }
          ],
          "store_path": "/nix/store/w8c3i6vmxnnj0xixvjsa9lva3rcd2rvs-golangci-lint-2.12.2"
        },
        "x86_64-linux": {
          "outputs": [
            {
              "name": "out",
              "path": "/nix/store/47w5wfrc8bcvggamqqlvkyavpc9l2bsm-golangci-lint-2.12.2",
              "default": true
            }
          ],
          "store_path": "/nix/store/47w5wfrc8bcvggamqqlvkyavpc9l2bsm-golangci-lint-2.12.2"
        }
      }
    },
    "lazysql@0.5.4": {
      "last_modified": "2026-06-27T07:37:20Z",
      "resolved": "github:NixOS/nixpkgs/3d46470bb3030020f7e1361f33514854f5bfa86d#lazysql",
      "source": "devbox-search",
      "version": "0.5.4",
      "systems": {
        "aarch64-darwin": {
          "outputs": [
            {
              "name": "out",
              "path": "/nix/store/dgvr1cwbax6xhap3164x8yi03a4hj6n1-lazysql-0.5.4",
              "default": true
            }
          ],
          "store_path": "/nix/store/dgvr1cwbax6xhap3164x8yi03a4hj6n1-lazysql-0.5.4"
        },
        "aarch64-linux": {
          "outputs": [
            {
              "name": "out",
              "path": "/nix/store/3cv8n1cmap7mkpq1rv2pf6bjjlky2s66-lazysql-0.5.4",
              "default": true
            }
          ],
          "store_path": "/nix/store/3cv8n1cmap7mkpq1rv2pf6bjjlky2s66-lazysql-0.5.4"
        },
        "x86_64-darwin": {
          "outputs": [
            {
              "name": "out",
              "path": "/nix/store/wzxz180rrgzrmdi6dhwg8dzh6pj31xm9-lazysql-0.5.4",
              "default": true
            }
          ],
          "store_path": "/nix/store/wzxz180rrgzrmdi6dhwg8dzh6pj31xm9-lazysql-0.5.4"
        },
        "x86_64-linux": {
          "outputs": [
            {
              "name": "out",
              "path": "/nix/store/swk5z8s5k6y27fkbmyrvqvsbilkid06m-lazysql-0.5.4",
              "default": true
            }
          ],
          "store_path": "/nix/store/swk5z8s5k6y27fkbmyrvqvsbilkid06m-lazysql-0.5.4"
        }
      }
    },
    "nodejs@26.3.0": {
      "last_modified": "2026-06-01T17:55:45Z",
      "plugin_version": "0.0.4",
      "resolved": "github:NixOS/nixpkgs/4df1b885d76a54e1aa1a318f8d16fd6005b6401f#nodejs_26",
      "source": "devbox-search",
      "version": "26.3.0",
      "systems": {
        "aarch64-darwin": {
          "outputs": [
            {
              "name": "out",
              "path": "/nix/store/nfh1lwb8b42nn64wh8vwnjqpz2swr1vj-nodejs-26.3.0",
              "default": true
            }
          ],
          "store_path": "/nix/store/nfh1lwb8b42nn64wh8vwnjqpz2swr1vj-nodejs-26.3.0"
        },
        "aarch64-linux": {
          "outputs": [
            {
              "name": "out",
              "path": "/nix/store/f4mq152z1j84c7aj1h6w4gwa3mwvbk3z-nodejs-26.3.0",
              "default": true
            }
          ],
          "store_path": "/nix/store/f4mq152z1j84c7aj1h6w4gwa3mwvbk3z-nodejs-26.3.0"
        },
        "x86_64-darwin": {
          "outputs": [
            {
              "name": "out",
              "path": "/nix/store/24psmxnybpswr7r21vrdca2lji15rfjl-nodejs-26.3.0",
              "default": true
            }
          ],
          "store_path": "/nix/store/24psmxnybpswr7r21vrdca2lji15rfjl-nodejs-26.3.0"
        },
        "x86_64-linux": {
          "outputs": [
            {
              "name": "out",
              "path": "/nix/store/nk72hijagb0yc9rax5rr4gw8mpvmq7vw-nodejs-26.3.0",
              "default": true
            }
          ],
          "store_path": "/nix/store/nk72hijagb0yc9rax5rr4gw8mpvmq7vw-nodejs-26.3.0"
        }
      }
    },
    "pnpm@11.5.3": {
      "last_modified": "2026-06-11T01:27:03Z",
      "resolved": "github:NixOS/nixpkgs/b503dde361500433ca25a32e8f4d218bf58fb659#pnpm",
      "source": "devbox-search",
      "version": "11.5.3",
      "systems": {
        "aarch64-darwin": {
          "outputs": [
            {
              "name": "out",
              "path": "/nix/store/ir1v2h2wws01lf6chfcq64x7w2c6j96z-pnpm-11.5.3",
              "default": true
            }
          ],
          "store_path": "/nix/store/ir1v2h2wws01lf6chfcq64x7w2c6j96z-pnpm-11.5.3"
        },
        "aarch64-linux": {
          "outputs": [
            {
              "name": "out",
              "path": "/nix/store/575mdxcjkv465s9p8fsib0bd7lkfzzfg-pnpm-11.5.3",
              "default": true
            }
          ],
          "store_path": "/nix/store/575mdxcjkv465s9p8fsib0bd7lkfzzfg-pnpm-11.5.3"
        },
        "x86_64-darwin": {
          "outputs": [
            {
              "name": "out",
              "path": "/nix/store/qgxl8idhx4wk2k906psq7250srwnr2ln-pnpm-11.5.3",
              "default": true
            }
          ],
          "store_path": "/nix/store/qgxl8idhx4wk2k906psq7250srwnr2ln-pnpm-11.5.3"
        },
        "x86_64-linux": {
          "outputs": [
            {
              "name": "out",
              "path": "/nix/store/5jlr96h609vn5ylavrfbjbbsbrp1x61z-pnpm-11.5.3",
              "default": true
            }
          ],
          "store_path": "/nix/store/5jlr96h609vn5ylavrfbjbbsbrp1x61z-pnpm-11.5.3"
        }
      }
    },
    "python@3.14.4": {
      "last_modified": "2026-06-27T07:37:20Z",
      "plugin_version": "0.0.5",
      "resolved": "github:NixOS/nixpkgs/3d46470bb3030020f7e1361f33514854f5bfa86d#python314",
      "source": "devbox-search",
      "version": "3.14.4",
      "systems": {
        "aarch64-darwin": {
          "outputs": [
            {
              "name": "out",
              "path": "/nix/store/bz7r3a1x3xby7ilac2ngzwr0szf3yzxc-python3-3.14.4",
              "default": true
            }
          ],
          "store_path": "/nix/store/bz7r3a1x3xby7ilac2ngzwr0szf3yzxc-python3-3.14.4"
        },
        "aarch64-linux": {
          "outputs": [
            {
              "name": "out",
              "path": "/nix/store/fj2lkfaqsccpsgwmzrv921asxzsp1iin-python3-3.14.4",
              "default": true
            },
            {
              "name": "debug",
              "path": "/nix/store/8sggbkg072yim06lsbggkiwc84z28cj9-python3-3.14.4-debug"
            }
          ],
          "store_path": "/nix/store/fj2lkfaqsccpsgwmzrv921asxzsp1iin-python3-3.14.4"
        },
        "x86_64-darwin": {
          "outputs": [
            {
              "name": "out",
              "path": "/nix/store/dz3vgh7m1dsj9c3ahn1ab6wqpnz9bbww-python3-3.14.4",
              "default": true
            }
          ],
          "store_path": "/nix/store/dz3vgh7m1dsj9c3ahn1ab6wqpnz9bbww-python3-3.14.4"
        },
        "x86_64-linux": {
          "outputs": [
            {
              "name": "out",
              "path": "/nix/store/fk8c5cqd0npblqv1mcd8swhkcbng84qr-python3-3.14.4",
              "default": true
            },
            {
              "name": "debug",
              "path": "/nix/store/y6nmlnw8360r8lma5bjnp07vl9r4l07g-python3-3.14.4-debug"
            }
          ],
          "store_path": "/nix/store/fk8c5cqd0npblqv1mcd8swhkcbng84qr-python3-3.14.4"
        }
      }
    },
    "tailwindcss_4@4.3.2": {
      "last_modified": "2026-07-08T21:13:06Z",
      "resolved": "github:NixOS/nixpkgs/389ed85304b281ca7f306cf8a1eb4378651ca44e#tailwindcss_4",
      "source": "devbox-search",
      "version": "4.3.2",
      "systems": {
        "aarch64-darwin": {
          "outputs": [
            {
              "name": "out",
              "path": "/nix/store/qifyxd7kn4xn46r770m614l8516g17qn-tailwindcss_4-4.3.2",
              "default": true
            }
          ],
          "store_path": "/nix/store/qifyxd7kn4xn46r770m614l8516g17qn-tailwindcss_4-4.3.2"
        },
        "aarch64-linux": {
          "outputs": [
            {
              "name": "out",
              "path": "/nix/store/f3mvpdzs7nx14zf8a8qhy8wlw8q407pv-tailwindcss_4-4.3.2",
              "default": true
            }
          ],
          "store_path": "/nix/store/f3mvpdzs7nx14zf8a8qhy8wlw8q407pv-tailwindcss_4-4.3.2"
        },
        "x86_64-linux": {
          "outputs": [
            {
              "name": "out",
              "path": "/nix/store/s79l9nkklfkfp4lqcc9rwmrbbabmrrv7-tailwindcss_4-4.3.2",
              "default": true
            }
          ],
          "store_path": "/nix/store/s79l9nkklfkfp4lqcc9rwmrbbabmrrv7-tailwindcss_4-4.3.2"
        }
      }
    },
    "uv@0.11.19": {
      "last_modified": "2026-06-11T01:27:03Z",
      "resolved": "github:NixOS/nixpkgs/b503dde361500433ca25a32e8f4d218bf58fb659#uv",
      "source": "devbox-search",
      "version": "0.11.19",
      "systems": {
        "aarch64-darwin": {
          "outputs": [
            {
              "name": "out",
              "path": "/nix/store/85f6iib2zbi10bkkimkazkin1iv2b7nc-uv-0.11.19",
              "default": true
            }
          ],
          "store_path": "/nix/store/85f6iib2zbi10bkkimkazkin1iv2b7nc-uv-0.11.19"
        },
        "aarch64-linux": {
          "outputs": [
            {
              "name": "out",
              "path": "/nix/store/d247y1hg4d7hb38h3bnb6r503qy2ky78-uv-0.11.19",
              "default": true
            }
          ],
          "store_path": "/nix/store/d247y1hg4d7hb38h3bnb6r503qy2ky78-uv-0.11.19"
        },
        "x86_64-darwin": {
          "outputs": [
            {
              "name": "out",
              "path": "/nix/store/285wms6br1rpnjydfl1x1qd82bvvrhc1-uv-0.11.19",
              "default": true
            }
          ],
          "store_path": "/nix/store/285wms6br1rpnjydfl1x1qd82bvvrhc1-uv-0.11.19"
        },
        "x86_64-linux": {
          "outputs": [
            {
              "name": "out",
              "path": "/nix/store/2xqsvim09lc968bc67w0jvxpp2j4lfm5-uv-0.11.19",
              "default": true
            }
          ],
          "store_path": "/nix/store/2xqsvim09lc968bc67w0jvxpp2j4lfm5-uv-0.11.19"
        }
      }
    }
  }
}
